// !$*UTF8*$!
{
	archiveVersion = 1;
	classes = {
	};
	objectVersion = 46;
	objects = {

/* Begin PBXBuildFile section */
		513052D91D410579004B1258 /* PopUpController.swift in Sources */ = {isa = PBXBuildFile; fileRef = 513052D81D410579004B1258 /* PopUpController.swift */; };
		518F820B1D3E9D65002A39C1 /* LoginController.swift in Sources */ = {isa = PBXBuildFile; fileRef = 518F820A1D3E9D65002A39C1 /* LoginController.swift */; };
		518F820D1D3E9D7C002A39C1 /* SignUpController.swift in Sources */ = {isa = PBXBuildFile; fileRef = 518F820C1D3E9D7C002A39C1 /* SignUpController.swift */; };
		51B7D1AA1D3FDF5200C23E64 /* HomeController.swift in Sources */ = {isa = PBXBuildFile; fileRef = 51B7D1A91D3FDF5200C23E64 /* HomeController.swift */; };
		51FAB1AD1D3E9AD000635172 /* AppDelegate.swift in Sources */ = {isa = PBXBuildFile; fileRef = 51FAB1AC1D3E9AD000635172 /* AppDelegate.swift */; };
		51FAB1B21D3E9AD000635172 /* Main.storyboard in Resources */ = {isa = PBXBuildFile; fileRef = 51FAB1B01D3E9AD000635172 /* Main.storyboard */; };
		51FAB1B41D3E9AD000635172 /* Assets.xcassets in Resources */ = {isa = PBXBuildFile; fileRef = 51FAB1B31D3E9AD000635172 /* Assets.xcassets */; };
		51FAB1B71D3E9AD000635172 /* LaunchScreen.storyboard in Resources */ = {isa = PBXBuildFile; fileRef = 51FAB1B51D3E9AD000635172 /* LaunchScreen.storyboard */; };
		51FAB1C21D3E9AD000635172 /* TitchTests.swift in Sources */ = {isa = PBXBuildFile; fileRef = 51FAB1C11D3E9AD000635172 /* TitchTests.swift */; };
		51FAB1CD1D3E9AD000635172 /* TitchUITests.swift in Sources */ = {isa = PBXBuildFile; fileRef = 51FAB1CC1D3E9AD000635172 /* TitchUITests.swift */; };
		CBD9BD351109112781A4A565 /* Pods_Titch.framework in Frameworks */ = {isa = PBXBuildFile; fileRef = 76D60E31016A46F5F4683F0C /* Pods_Titch.framework */; };
/* End PBXBuildFile section */

/* Begin PBXContainerItemProxy section */
		51FAB1BE1D3E9AD000635172 /* PBXContainerItemProxy */ = {
			isa = PBXContainerItemProxy;
			containerPortal = 51FAB1A11D3E9AD000635172 /* Project object */;
			proxyType = 1;
			remoteGlobalIDString = 51FAB1A81D3E9AD000635172;
			remoteInfo = Titch;
		};
		51FAB1C91D3E9AD000635172 /* PBXContainerItemProxy */ = {
			isa = PBXContainerItemProxy;
			containerPortal = 51FAB1A11D3E9AD000635172 /* Project object */;
			proxyType = 1;
			remoteGlobalIDString = 51FAB1A81D3E9AD000635172;
			remoteInfo = Titch;
		};
/* End PBXContainerItemProxy section */

/* Begin PBXFileReference section */
		513052D81D410579004B1258 /* PopUpController.swift */ = {isa = PBXFileReference; fileEncoding = 4; lastKnownFileType = sourcecode.swift; path = PopUpController.swift; sourceTree = "<group>"; };
		518F820A1D3E9D65002A39C1 /* LoginController.swift */ = {isa = PBXFileReference; fileEncoding = 4; lastKnownFileType = sourcecode.swift; path = LoginController.swift; sourceTree = "<group>"; };
		518F820C1D3E9D7C002A39C1 /* SignUpController.swift */ = {isa = PBXFileReference; fileEncoding = 4; lastKnownFileType = sourcecode.swift; path = SignUpController.swift; sourceTree = "<group>"; };
		51B7D1A91D3FDF5200C23E64 /* HomeController.swift */ = {isa = PBXFileReference; fileEncoding = 4; lastKnownFileType = sourcecode.swift; path = HomeController.swift; sourceTree = "<group>"; };
		51FAB1A91D3E9AD000635172 /* Titch.app */ = {isa = PBXFileReference; explicitFileType = wrapper.application; includeInIndex = 0; path = Titch.app; sourceTree = BUILT_PRODUCTS_DIR; };
		51FAB1AC1D3E9AD000635172 /* AppDelegate.swift */ = {isa = PBXFileReference; lastKnownFileType = sourcecode.swift; path = AppDelegate.swift; sourceTree = "<group>"; };
		51FAB1B11D3E9AD000635172 /* Base */ = {isa = PBXFileReference; lastKnownFileType = file.storyboard; name = Base; path = Base.lproj/Main.storyboard; sourceTree = "<group>"; };
		51FAB1B31D3E9AD000635172 /* Assets.xcassets */ = {isa = PBXFileReference; lastKnownFileType = folder.assetcatalog; path = Assets.xcassets; sourceTree = "<group>"; };
		51FAB1B61D3E9AD000635172 /* Base */ = {isa = PBXFileReference; lastKnownFileType = file.storyboard; name = Base; path = Base.lproj/LaunchScreen.storyboard; sourceTree = "<group>"; };
		51FAB1B81D3E9AD000635172 /* Info.plist */ = {isa = PBXFileReference; lastKnownFileType = text.plist.xml; path = Info.plist; sourceTree = "<group>"; };
		51FAB1BD1D3E9AD000635172 /* TitchTests.xctest */ = {isa = PBXFileReference; explicitFileType = wrapper.cfbundle; includeInIndex = 0; path = TitchTests.xctest; sourceTree = BUILT_PRODUCTS_DIR; };
		51FAB1C11D3E9AD000635172 /* TitchTests.swift */ = {isa = PBXFileReference; lastKnownFileType = sourcecode.swift; path = TitchTests.swift; sourceTree = "<group>"; };
		51FAB1C31D3E9AD000635172 /* Info.plist */ = {isa = PBXFileReference; lastKnownFileType = text.plist.xml; path = Info.plist; sourceTree = "<group>"; };
		51FAB1C81D3E9AD000635172 /* TitchUITests.xctest */ = {isa = PBXFileReference; explicitFileType = wrapper.cfbundle; includeInIndex = 0; path = TitchUITests.xctest; sourceTree = BUILT_PRODUCTS_DIR; };
		51FAB1CC1D3E9AD000635172 /* TitchUITests.swift */ = {isa = PBXFileReference; lastKnownFileType = sourcecode.swift; path = TitchUITests.swift; sourceTree = "<group>"; };
		51FAB1CE1D3E9AD000635172 /* Info.plist */ = {isa = PBXFileReference; lastKnownFileType = text.plist.xml; path = Info.plist; sourceTree = "<group>"; };
		76D60E31016A46F5F4683F0C /* Pods_Titch.framework */ = {isa = PBXFileReference; explicitFileType = wrapper.framework; includeInIndex = 0; path = Pods_Titch.framework; sourceTree = BUILT_PRODUCTS_DIR; };
		810D061C1D411E0400AE247E /* LessonTableViewCell.swift */ = {isa = PBXFileReference; fileEncoding = 4; lastKnownFileType = sourcecode.swift; path = LessonTableViewCell.swift; sourceTree = "<group>"; };
		810D06201D4121B800AE247E /* LessonTableViewController.swift */ = {isa = PBXFileReference; fileEncoding = 4; lastKnownFileType = sourcecode.swift; path = LessonTableViewController.swift; sourceTree = "<group>"; };
		810D06241D41246A00AE247E /* Lesson.swift */ = {isa = PBXFileReference; fileEncoding = 4; lastKnownFileType = sourcecode.swift; path = Lesson.swift; sourceTree = "<group>"; };
		810D06261D42848200AE247E /* LTypeTableViewController.swift */ = {isa = PBXFileReference; fileEncoding = 4; lastKnownFileType = sourcecode.swift; path = LTypeTableViewController.swift; sourceTree = "<group>"; };
		810D06281D42852C00AE247E /* LTypeTableViewCell.swift */ = {isa = PBXFileReference; fileEncoding = 4; lastKnownFileType = sourcecode.swift; path = LTypeTableViewCell.swift; sourceTree = "<group>"; };
		810D062A1D428F9B00AE247E /* TypeLesson.swift */ = {isa = PBXFileReference; fileEncoding = 4; lastKnownFileType = sourcecode.swift; path = TypeLesson.swift; sourceTree = "<group>"; };
		BC9A987E19272AE9CFFDB1BB /* Pods-Titch.release.xcconfig */ = {isa = PBXFileReference; includeInIndex = 1; lastKnownFileType = text.xcconfig; name = "Pods-Titch.release.xcconfig"; path = "Pods/Target Support Files/Pods-Titch/Pods-Titch.release.xcconfig"; sourceTree = "<group>"; };
		FC2967296A88249BC41830DE /* Pods-Titch.debug.xcconfig */ = {isa = PBXFileReference; includeInIndex = 1; lastKnownFileType = text.xcconfig; name = "Pods-Titch.debug.xcconfig"; path = "Pods/Target Support Files/Pods-Titch/Pods-Titch.debug.xcconfig"; sourceTree = "<group>"; };
/* End PBXFileReference section */

/* Begin PBXFrameworksBuildPhase section */
		51FAB1A61D3E9AD000635172 /* Frameworks */ = {
			isa = PBXFrameworksBuildPhase;
			buildActionMask = 2147483647;
			files = (
				CBD9BD351109112781A4A565 /* Pods_Titch.framework in Frameworks */,
			);
			runOnlyForDeploymentPostprocessing = 0;
		};
		51FAB1BA1D3E9AD000635172 /* Frameworks */ = {
			isa = PBXFrameworksBuildPhase;
			buildActionMask = 2147483647;
			files = (
			);
			runOnlyForDeploymentPostprocessing = 0;
		};
		51FAB1C51D3E9AD000635172 /* Frameworks */ = {
			isa = PBXFrameworksBuildPhase;
			buildActionMask = 2147483647;
			files = (
			);
			runOnlyForDeploymentPostprocessing = 0;
		};
/* End PBXFrameworksBuildPhase section */

/* Begin PBXGroup section */
		1DA863004F3DC64F9A95D877 /* Frameworks */ = {
			isa = PBXGroup;
			children = (
				76D60E31016A46F5F4683F0C /* Pods_Titch.framework */,
			);
			name = Frameworks;
			sourceTree = "<group>";
		};
		26B48D6B172C5E2B2F073315 /* Pods */ = {
			isa = PBXGroup;
			children = (
				FC2967296A88249BC41830DE /* Pods-Titch.debug.xcconfig */,
				BC9A987E19272AE9CFFDB1BB /* Pods-Titch.release.xcconfig */,
			);
			name = Pods;
			sourceTree = "<group>";
		};
		51FAB1A01D3E9AD000635172 = {
			isa = PBXGroup;
			children = (
				51FAB1AB1D3E9AD000635172 /* Titch */,
				51FAB1C01D3E9AD000635172 /* TitchTests */,
				51FAB1CB1D3E9AD000635172 /* TitchUITests */,
				51FAB1AA1D3E9AD000635172 /* Products */,
				26B48D6B172C5E2B2F073315 /* Pods */,
				1DA863004F3DC64F9A95D877 /* Frameworks */,
			);
			sourceTree = "<group>";
		};
		51FAB1AA1D3E9AD000635172 /* Products */ = {
			isa = PBXGroup;
			children = (
				51FAB1A91D3E9AD000635172 /* Titch.app */,
				51FAB1BD1D3E9AD000635172 /* TitchTests.xctest */,
				51FAB1C81D3E9AD000635172 /* TitchUITests.xctest */,
			);
			name = Products;
			sourceTree = "<group>";
		};
		51FAB1AB1D3E9AD000635172 /* Titch */ = {
			isa = PBXGroup;
			children = (
				51FAB1DA1D3E9AD800635172 /* ViewControllers */,
				51FAB1AC1D3E9AD000635172 /* AppDelegate.swift */,
				51FAB1B01D3E9AD000635172 /* Main.storyboard */,
				51FAB1B31D3E9AD000635172 /* Assets.xcassets */,
				51FAB1B51D3E9AD000635172 /* LaunchScreen.storyboard */,
				51FAB1B81D3E9AD000635172 /* Info.plist */,
				810D061C1D411E0400AE247E /* LessonTableViewCell.swift */,
				810D06241D41246A00AE247E /* Lesson.swift */,
				810D062A1D428F9B00AE247E /* TypeLesson.swift */,
				810D06281D42852C00AE247E /* LTypeTableViewCell.swift */,
			);
			path = Titch;
			sourceTree = "<group>";
		};
		51FAB1C01D3E9AD000635172 /* TitchTests */ = {
			isa = PBXGroup;
			children = (
				51FAB1C11D3E9AD000635172 /* TitchTests.swift */,
				51FAB1C31D3E9AD000635172 /* Info.plist */,
			);
			path = TitchTests;
			sourceTree = "<group>";
		};
		51FAB1CB1D3E9AD000635172 /* TitchUITests */ = {
			isa = PBXGroup;
			children = (
				51FAB1CC1D3E9AD000635172 /* TitchUITests.swift */,
				51FAB1CE1D3E9AD000635172 /* Info.plist */,
			);
			path = TitchUITests;
			sourceTree = "<group>";
		};
		51FAB1DA1D3E9AD800635172 /* ViewControllers */ = {
			isa = PBXGroup;
			children = (
				518F820A1D3E9D65002A39C1 /* LoginController.swift */,
				518F820C1D3E9D7C002A39C1 /* SignUpController.swift */,
				51B7D1A91D3FDF5200C23E64 /* HomeController.swift */,
				513052D81D410579004B1258 /* PopUpController.swift */,
				810D06201D4121B800AE247E /* LessonTableViewController.swift */,
				810D06261D42848200AE247E /* LTypeTableViewController.swift */,
			);
			name = ViewControllers;
			sourceTree = "<group>";
		};
/* End PBXGroup section */

/* Begin PBXNativeTarget section */
		51FAB1A81D3E9AD000635172 /* Titch */ = {
			isa = PBXNativeTarget;
			buildConfigurationList = 51FAB1D11D3E9AD000635172 /* Build configuration list for PBXNativeTarget "Titch" */;
			buildPhases = (
				3C4D5EEBC20A40318A82C148 /* [CP] Check Pods Manifest.lock */,
				51FAB1A51D3E9AD000635172 /* Sources */,
				51FAB1A61D3E9AD000635172 /* Frameworks */,
				51FAB1A71D3E9AD000635172 /* Resources */,
				A28FF31B0652AC37D4986FA1 /* [CP] Embed Pods Frameworks */,
				71749D5E316D383C58BC249B /* [CP] Copy Pods Resources */,
			);
			buildRules = (
			);
			dependencies = (
			);
			name = Titch;
			productName = Titch;
			productReference = 51FAB1A91D3E9AD000635172 /* Titch.app */;
			productType = "com.apple.product-type.application";
		};
		51FAB1BC1D3E9AD000635172 /* TitchTests */ = {
			isa = PBXNativeTarget;
			buildConfigurationList = 51FAB1D41D3E9AD000635172 /* Build configuration list for PBXNativeTarget "TitchTests" */;
			buildPhases = (
				51FAB1B91D3E9AD000635172 /* Sources */,
				51FAB1BA1D3E9AD000635172 /* Frameworks */,
				51FAB1BB1D3E9AD000635172 /* Resources */,
			);
			buildRules = (
			);
			dependencies = (
				51FAB1BF1D3E9AD000635172 /* PBXTargetDependency */,
			);
			name = TitchTests;
			productName = TitchTests;
			productReference = 51FAB1BD1D3E9AD000635172 /* TitchTests.xctest */;
			productType = "com.apple.product-type.bundle.unit-test";
		};
		51FAB1C71D3E9AD000635172 /* TitchUITests */ = {
			isa = PBXNativeTarget;
			buildConfigurationList = 51FAB1D71D3E9AD000635172 /* Build configuration list for PBXNativeTarget "TitchUITests" */;
			buildPhases = (
				51FAB1C41D3E9AD000635172 /* Sources */,
				51FAB1C51D3E9AD000635172 /* Frameworks */,
				51FAB1C61D3E9AD000635172 /* Resources */,
			);
			buildRules = (
			);
			dependencies = (
				51FAB1CA1D3E9AD000635172 /* PBXTargetDependency */,
			);
			name = TitchUITests;
			productName = TitchUITests;
			productReference = 51FAB1C81D3E9AD000635172 /* TitchUITests.xctest */;
			productType = "com.apple.product-type.bundle.ui-testing";
		};
/* End PBXNativeTarget section */

/* Begin PBXProject section */
		51FAB1A11D3E9AD000635172 /* Project object */ = {
			isa = PBXProject;
			attributes = {
				LastSwiftUpdateCheck = 0730;
				LastUpgradeCheck = 0730;
				ORGANIZATIONNAME = etna;
				TargetAttributes = {
					51FAB1A81D3E9AD000635172 = {
						CreatedOnToolsVersion = 7.3.1;
					};
					51FAB1BC1D3E9AD000635172 = {
						CreatedOnToolsVersion = 7.3.1;
						TestTargetID = 51FAB1A81D3E9AD000635172;
					};
					51FAB1C71D3E9AD000635172 = {
						CreatedOnToolsVersion = 7.3.1;
						TestTargetID = 51FAB1A81D3E9AD000635172;
					};
				};
			};
			buildConfigurationList = 51FAB1A41D3E9AD000635172 /* Build configuration list for PBXProject "Titch" */;
			compatibilityVersion = "Xcode 3.2";
			developmentRegion = English;
			hasScannedForEncodings = 0;
			knownRegions = (
				en,
				Base,
			);
			mainGroup = 51FAB1A01D3E9AD000635172;
			productRefGroup = 51FAB1AA1D3E9AD000635172 /* Products */;
			projectDirPath = "";
			projectRoot = "";
			targets = (
				51FAB1A81D3E9AD000635172 /* Titch */,
				51FAB1BC1D3E9AD000635172 /* TitchTests */,
				51FAB1C71D3E9AD000635172 /* TitchUITests */,
			);
		};
/* End PBXProject section */

/* Begin PBXResourcesBuildPhase section */
		51FAB1A71D3E9AD000635172 /* Resources */ = {
			isa = PBXResourcesBuildPhase;
			buildActionMask = 2147483647;
			files = (
				51FAB1B71D3E9AD000635172 /* LaunchScreen.storyboard in Resources */,
				51FAB1B41D3E9AD000635172 /* Assets.xcassets in Resources */,
				51FAB1B21D3E9AD000635172 /* Main.storyboard in Resources */,
			);
			runOnlyForDeploymentPostprocessing = 0;
		};
		51FAB1BB1D3E9AD000635172 /* Resources */ = {
			isa = PBXResourcesBuildPhase;
			buildActionMask = 2147483647;
			files = (
			);
			runOnlyForDeploymentPostprocessing = 0;
		};
		51FAB1C61D3E9AD000635172 /* Resources */ = {
			isa = PBXResourcesBuildPhase;
			buildActionMask = 2147483647;
			files = (
			);
			runOnlyForDeploymentPostprocessing = 0;
		};
/* End PBXResourcesBuildPhase section */

/* Begin PBXShellScriptBuildPhase section */
		3C4D5EEBC20A40318A82C148 /* [CP] Check Pods Manifest.lock */ = {
			isa = PBXShellScriptBuildPhase;
			buildActionMask = 2147483647;
			files = (
			);
			inputPaths = (
			);
			name = "[CP] Check Pods Manifest.lock";
			outputPaths = (
			);
			runOnlyForDeploymentPostprocessing = 0;
			shellPath = /bin/sh;
			shellScript = "diff \"${PODS_ROOT}/../Podfile.lock\" \"${PODS_ROOT}/Manifest.lock\" > /dev/null\nif [[ $? != 0 ]] ; then\n    cat << EOM\nerror: The sandbox is not in sync with the Podfile.lock. Run 'pod install' or update your CocoaPods installation.\nEOM\n    exit 1\nfi\n";
			showEnvVarsInLog = 0;
		};
		71749D5E316D383C58BC249B /* [CP] Copy Pods Resources */ = {
			isa = PBXShellScriptBuildPhase;
			buildActionMask = 2147483647;
			files = (
			);
			inputPaths = (
			);
			name = "[CP] Copy Pods Resources";
			outputPaths = (
			);
			runOnlyForDeploymentPostprocessing = 0;
			shellPath = /bin/sh;
			shellScript = "\"${SRCROOT}/Pods/Target Support Files/Pods-Titch/Pods-Titch-resources.sh\"\n";
			showEnvVarsInLog = 0;
		};
		A28FF31B0652AC37D4986FA1 /* [CP] Embed Pods Frameworks */ = {
			isa = PBXShellScriptBuildPhase;
			buildActionMask = 2147483647;
			files = (
			);
			inputPaths = (
			);
			name = "[CP] Embed Pods Frameworks";
			outputPaths = (
			);
			runOnlyForDeploymentPostprocessing = 0;
			shellPath = /bin/sh;
			shellScript = "\"${SRCROOT}/Pods/Target Support Files/Pods-Titch/Pods-Titch-frameworks.sh\"\n";
			showEnvVarsInLog = 0;
		};
/* End PBXShellScriptBuildPhase section */

/* Begin PBXSourcesBuildPhase section */
		51FAB1A51D3E9AD000635172 /* Sources */ = {
			isa = PBXSourcesBuildPhase;
			buildActionMask = 2147483647;
			files = (
				810D061D1D411E0400AE247E /* LessonTableViewCell.swift in Sources */,
				51B7D1AA1D3FDF5200C23E64 /* HomeController.swift in Sources */,
				51FAB1AD1D3E9AD000635172 /* AppDelegate.swift in Sources */,
				518F820B1D3E9D65002A39C1 /* LoginController.swift in Sources */,
				810D06251D41246A00AE247E /* Lesson.swift in Sources */,
				810D062B1D428F9B00AE247E /* TypeLesson.swift in Sources */,
				810D06271D42848200AE247E /* LTypeTableViewController.swift in Sources */,
				810D06291D42852C00AE247E /* LTypeTableViewCell.swift in Sources */,
				513052D91D410579004B1258 /* PopUpController.swift in Sources */,
				518F820D1D3E9D7C002A39C1 /* SignUpController.swift in Sources */,
				810D06221D4121B800AE247E /* LessonTableViewController.swift in Sources */,
			);
			runOnlyForDeploymentPostprocessing = 0;
		};
		51FAB1B91D3E9AD000635172 /* Sources */ = {
			isa = PBXSourcesBuildPhase;
			buildActionMask = 2147483647;
			files = (
				51FAB1C21D3E9AD000635172 /* TitchTests.swift in Sources */,
			);
			runOnlyForDeploymentPostprocessing = 0;
		};
		51FAB1C41D3E9AD000635172 /* Sources */ = {
			isa = PBXSourcesBuildPhase;
			buildActionMask = 2147483647;
			files = (
				51FAB1CD1D3E9AD000635172 /* TitchUITests.swift in Sources */,
			);
			runOnlyForDeploymentPostprocessing = 0;
		};
/* End PBXSourcesBuildPhase section */

/* Begin PBXTargetDependency section */
		51FAB1BF1D3E9AD000635172 /* PBXTargetDependency */ = {
			isa = PBXTargetDependency;
			target = 51FAB1A81D3E9AD000635172 /* Titch */;
			targetProxy = 51FAB1BE1D3E9AD000635172 /* PBXContainerItemProxy */;
		};
		51FAB1CA1D3E9AD000635172 /* PBXTargetDependency */ = {
			isa = PBXTargetDependency;
			target = 51FAB1A81D3E9AD000635172 /* Titch */;
			targetProxy = 51FAB1C91D3E9AD000635172 /* PBXContainerItemProxy */;
		};
/* End PBXTargetDependency section */

/* Begin PBXVariantGroup section */
		51FAB1B01D3E9AD000635172 /* Main.storyboard */ = {
			isa = PBXVariantGroup;
			children = (
				51FAB1B11D3E9AD000635172 /* Base */,
			);
			name = Main.storyboard;
			sourceTree = "<group>";
		};
		51FAB1B51D3E9AD000635172 /* LaunchScreen.storyboard */ = {
			isa = PBXVariantGroup;
			children = (
				51FAB1B61D3E9AD000635172 /* Base */,
			);
			name = LaunchScreen.storyboard;
			sourceTree = "<group>";
		};
/* End PBXVariantGroup section */

/* Begin XCBuildConfiguration section */
		51FAB1CF1D3E9AD000635172 /* Debug */ = {
			isa = XCBuildConfiguration;
			buildSettings = {
				ALWAYS_SEARCH_USER_PATHS = NO;
				CLANG_ANALYZER_NONNULL = YES;
				CLANG_CXX_LANGUAGE_STANDARD = "gnu++0x";
				CLANG_CXX_LIBRARY = "libc++";
				CLANG_ENABLE_MODULES = YES;
				CLANG_ENABLE_OBJC_ARC = YES;
				CLANG_WARN_BOOL_CONVERSION = YES;
				CLANG_WARN_CONSTANT_CONVERSION = YES;
				CLANG_WARN_DIRECT_OBJC_ISA_USAGE = YES_ERROR;
				CLANG_WARN_EMPTY_BODY = YES;
				CLANG_WARN_ENUM_CONVERSION = YES;
				CLANG_WARN_INT_CONVERSION = YES;
				CLANG_WARN_OBJC_ROOT_CLASS = YES_ERROR;
				CLANG_WARN_UNREACHABLE_CODE = YES;
				CLANG_WARN__DUPLICATE_METHOD_MATCH = YES;
				"CODE_SIGN_IDENTITY[sdk=iphoneos*]" = "iPhone Developer";
				COPY_PHASE_STRIP = NO;
				DEBUG_INFORMATION_FORMAT = dwarf;
				ENABLE_STRICT_OBJC_MSGSEND = YES;
				ENABLE_TESTABILITY = YES;
				GCC_C_LANGUAGE_STANDARD = gnu99;
				GCC_DYNAMIC_NO_PIC = NO;
				GCC_NO_COMMON_BLOCKS = YES;
				GCC_OPTIMIZATION_LEVEL = 0;
				GCC_PREPROCESSOR_DEFINITIONS = (
					"DEBUG=1",
					"$(inherited)",
				);
				GCC_WARN_64_TO_32_BIT_CONVERSION = YES;
				GCC_WARN_ABOUT_RETURN_TYPE = YES_ERROR;
				GCC_WARN_UNDECLARED_SELECTOR = YES;
				GCC_WARN_UNINITIALIZED_AUTOS = YES_AGGRESSIVE;
				GCC_WARN_UNUSED_FUNCTION = YES;
				GCC_WARN_UNUSED_VARIABLE = YES;
				IPHONEOS_DEPLOYMENT_TARGET = 9.3;
				MTL_ENABLE_DEBUG_INFO = YES;
				ONLY_ACTIVE_ARCH = YES;
				SDKROOT = iphoneos;
				SWIFT_OPTIMIZATION_LEVEL = "-Onone";
				TARGETED_DEVICE_FAMILY = "1,2";
			};
			name = Debug;
		};
		51FAB1D01D3E9AD000635172 /* Release */ = {
			isa = XCBuildConfiguration;
			buildSettings = {
				ALWAYS_SEARCH_USER_PATHS = NO;
				CLANG_ANALYZER_NONNULL = YES;
				CLANG_CXX_LANGUAGE_STANDARD = "gnu++0x";
				CLANG_CXX_LIBRARY = "libc++";
				CLANG_ENABLE_MODULES = YES;
				CLANG_ENABLE_OBJC_ARC = YES;
				CLANG_WARN_BOOL_CONVERSION = YES;
				CLANG_WARN_CONSTANT_CONVERSION = YES;
				CLANG_WARN_DIRECT_OBJC_ISA_USAGE = YES_ERROR;
				CLANG_WARN_EMPTY_BODY = YES;
				CLANG_WARN_ENUM_CONVERSION = YES;
				CLANG_WARN_INT_CONVERSION = YES;
				CLANG_WARN_OBJC_ROOT_CLASS = YES_ERROR;
				CLANG_WARN_UNREACHABLE_CODE = YES;
				CLANG_WARN__DUPLICATE_METHOD_MATCH = YES;
				"CODE_SIGN_IDENTITY[sdk=iphoneos*]" = "iPhone Developer";
				COPY_PHASE_STRIP = NO;
				DEBUG_INFORMATION_FORMAT = "dwarf-with-dsym";
				ENABLE_NS_ASSERTIONS = NO;
				ENABLE_STRICT_OBJC_MSGSEND = YES;
				GCC_C_LANGUAGE_STANDARD = gnu99;
				GCC_NO_COMMON_BLOCKS = YES;
				GCC_WARN_64_TO_32_BIT_CONVERSION = YES;
				GCC_WARN_ABOUT_RETURN_TYPE = YES_ERROR;
				GCC_WARN_UNDECLARED_SELECTOR = YES;
				GCC_WARN_UNINITIALIZED_AUTOS = YES_AGGRESSIVE;
				GCC_WARN_UNUSED_FUNCTION = YES;
				GCC_WARN_UNUSED_VARIABLE = YES;
				IPHONEOS_DEPLOYMENT_TARGET = 9.3;
				MTL_ENABLE_DEBUG_INFO = NO;
				SDKROOT = iphoneos;
				TARGETED_DEVICE_FAMILY = "1,2";
				VALIDATE_PRODUCT = YES;
			};
			name = Release;
		};
		51FAB1D21D3E9AD000635172 /* Debug */ = {
			isa = XCBuildConfiguration;
			baseConfigurationReference = FC2967296A88249BC41830DE /* Pods-Titch.debug.xcconfig */;
			buildSettings = {
				ASSETCATALOG_COMPILER_APPICON_NAME = AppIcon;
				INFOPLIST_FILE = Titch/Info.plist;
				LD_RUNPATH_SEARCH_PATHS = "$(inherited) @executable_path/Frameworks";
				PRODUCT_BUNDLE_IDENTIFIER = com.etna.Titch;
				PRODUCT_NAME = "$(TARGET_NAME)";
			};
			name = Debug;
		};
		51FAB1D31D3E9AD000635172 /* Release */ = {
			isa = XCBuildConfiguration;
			baseConfigurationReference = BC9A987E19272AE9CFFDB1BB /* Pods-Titch.release.xcconfig */;
			buildSettings = {
				ASSETCATALOG_COMPILER_APPICON_NAME = AppIcon;
				INFOPLIST_FILE = Titch/Info.plist;
				LD_RUNPATH_SEARCH_PATHS = "$(inherited) @executable_path/Frameworks";
				PRODUCT_BUNDLE_IDENTIFIER = com.etna.Titch;
				PRODUCT_NAME = "$(TARGET_NAME)";
			};
			name = Release;
		};
		51FAB1D51D3E9AD000635172 /* Debug */ = {
			isa = XCBuildConfiguration;
			buildSettings = {
				BUNDLE_LOADER = "$(TEST_HOST)";
				INFOPLIST_FILE = TitchTests/Info.plist;
				LD_RUNPATH_SEARCH_PATHS = "$(inherited) @executable_path/Frameworks @loader_path/Frameworks";
				PRODUCT_BUNDLE_IDENTIFIER = com.etna.TitchTests;
				PRODUCT_NAME = "$(TARGET_NAME)";
				TEST_HOST = "$(BUILT_PRODUCTS_DIR)/Titch.app/Titch";
			};
			name = Debug;
		};
		51FAB1D61D3E9AD000635172 /* Release */ = {
			isa = XCBuildConfiguration;
			buildSettings = {
				BUNDLE_LOADER = "$(TEST_HOST)";
				INFOPLIST_FILE = TitchTests/Info.plist;
				LD_RUNPATH_SEARCH_PATHS = "$(inherited) @executable_path/Frameworks @loader_path/Frameworks";
				PRODUCT_BUNDLE_IDENTIFIER = com.etna.TitchTests;
				PRODUCT_NAME = "$(TARGET_NAME)";
				TEST_HOST = "$(BUILT_PRODUCTS_DIR)/Titch.app/Titch";
			};
			name = Release;
		};
		51FAB1D81D3E9AD000635172 /* Debug */ = {
			isa = XCBuildConfiguration;
			buildSettings = {
				INFOPLIST_FILE = TitchUITests/Info.plist;
				LD_RUNPATH_SEARCH_PATHS = "$(inherited) @executable_path/Frameworks @loader_path/Frameworks";
				PRODUCT_BUNDLE_IDENTIFIER = com.etna.TitchUITests;
				PRODUCT_NAME = "$(TARGET_NAME)";
				TEST_TARGET_NAME = Titch;
			};
			name = Debug;
		};
		51FAB1D91D3E9AD000635172 /* Release */ = {
			isa = XCBuildConfiguration;
			buildSettings = {
				INFOPLIST_FILE = TitchUITests/Info.plist;
				LD_RUNPATH_SEARCH_PATHS = "$(inherited) @executable_path/Frameworks @loader_path/Frameworks";
				PRODUCT_BUNDLE_IDENTIFIER = com.etna.TitchUITests;
				PRODUCT_NAME = "$(TARGET_NAME)";
				TEST_TARGET_NAME = Titch;
			};
			name = Release;
		};
/* End XCBuildConfiguration section */

/* Begin XCConfigurationList section */
		51FAB1A41D3E9AD000635172 /* Build configuration list for PBXProject "Titch" */ = {
			isa = XCConfigurationList;
			buildConfigurations = (
				51FAB1CF1D3E9AD000635172 /* Debug */,
				51FAB1D01D3E9AD000635172 /* Release */,
			);
			defaultConfigurationIsVisible = 0;
			defaultConfigurationName = Release;
		};
		51FAB1D11D3E9AD000635172 /* Build configuration list for PBXNativeTarget "Titch" */ = {
			isa = XCConfigurationList;
			buildConfigurations = (
				51FAB1D21D3E9AD000635172 /* Debug */,
				51FAB1D31D3E9AD000635172 /* Release */,
			);
			defaultConfigurationIsVisible = 0;
			defaultConfigurationName = Release;
		};
		51FAB1D41D3E9AD000635172 /* Build configuration list for PBXNativeTarget "TitchTests" */ = {
			isa = XCConfigurationList;
			buildConfigurations = (
				51FAB1D51D3E9AD000635172 /* Debug */,
				51FAB1D61D3E9AD000635172 /* Release */,
			);
			defaultConfigurationIsVisible = 0;
			defaultConfigurationName = Release;
		};
		51FAB1D71D3E9AD000635172 /* Build configuration list for PBXNativeTarget "TitchUITests" */ = {
			isa = XCConfigurationList;
			buildConfigurations = (
				51FAB1D81D3E9AD000635172 /* Debug */,
				51FAB1D91D3E9AD000635172 /* Release */,
			);
			defaultConfigurationIsVisible = 0;
			defaultConfigurationName = Release;
		};
/* End XCConfigurationList section */
	};
	rootObject = 51FAB1A11D3E9AD000635172 /* Project object */;
}
