PODS:
  - DLRadioButton (1.4.8)
  - Material (1.42.7)

DEPENDENCIES:
  - DLRadioButton (~> 1.4)
  - Material (~> 1.0)

SPEC CHECKSUMS:
  DLRadioButton: 8fe4865b3ea8a5236e1d114dd283dd0884d3dc46
  Material: 2d46a44719b1f19e52956518af8aea54ac714963

PODFILE CHECKSUM: b141bf2f55035895ff04cd6059d99210282e6cbd

COCOAPODS: 1.0.1
